
Microsoft Visual Studio Solution File, Format Version 12.00
Project("{FAE04EC0-301F-11D3-BF4B-00C04F79EFBC}") = "Antda.Build", "Antda.Build\Antda.Build.csproj", "{8DF220FE-10DC-453D-8FBC-2D2F96CA6359}"
EndProject
Project("{FAE04EC0-301F-11D3-BF4B-00C04F79EFBC}") = "Antda.Build.Tests", "Antda.Build.Tests\Antda.Build.Tests.csproj", "{8CA9F29B-977C-4B60-A2B1-A30DC3D05B69}"
EndProject
Global
	GlobalSection(SolutionConfigurationPlatforms) = preSolution
		Debug|Any CPU = Debug|Any CPU
		Release|Any CPU = Release|Any CPU
	EndGlobalSection
	GlobalSection(ProjectConfigurationPlatforms) = postSolution
		{8DF220FE-10DC-453D-8FBC-2D2F96CA6359}.Debug|Any CPU.ActiveCfg = Debug|Any CPU
		{8DF220FE-10DC-453D-8FBC-2D2F96CA6359}.Debug|Any CPU.Build.0 = Debug|Any CPU
		{8DF220FE-10DC-453D-8FBC-2D2F96CA6359}.Release|Any CPU.ActiveCfg = Release|Any CPU
		{8DF220FE-10DC-453D-8FBC-2D2F96CA6359}.Release|Any CPU.Build.0 = Release|Any CPU
		{8CA9F29B-977C-4B60-A2B1-A30DC3D05B69}.Debug|Any CPU.ActiveCfg = Debug|Any CPU
		{8CA9F29B-977C-4B60-A2B1-A30DC3D05B69}.Debug|Any CPU.Build.0 = Debug|Any CPU
		{8CA9F29B-977C-4B60-A2B1-A30DC3D05B69}.Release|Any CPU.ActiveCfg = Release|Any CPU
		{8CA9F29B-977C-4B60-A2B1-A30DC3D05B69}.Release|Any CPU.Build.0 = Release|Any CPU
	EndGlobalSection
EndGlobal
